// !$*UTF8*$!
{
	archiveVersion = 1;
	classes = {
	};
	objectVersion = 50;
	objects = {

/* Begin PBXBuildFile section */
		8158647F20C1DC9800688FF6 /* InstrumentsView.swift in Sources */ = {isa = PBXBuildFile; fileRef = 8158647E20C1DC9800688FF6 /* InstrumentsView.swift */; };
		8158648120C1E59700688FF6 /* InstumentCollectionViewCell.swift in Sources */ = {isa = PBXBuildFile; fileRef = 8158648020C1E59700688FF6 /* InstumentCollectionViewCell.swift */; };
		81914E9620BF54F500EB5120 /* AppDelegate.swift in Sources */ = {isa = PBXBuildFile; fileRef = 81914E9520BF54F500EB5120 /* AppDelegate.swift */; };
		81914E9820BF54F500EB5120 /* ViewController.swift in Sources */ = {isa = PBXBuildFile; fileRef = 81914E9720BF54F500EB5120 /* ViewController.swift */; };
		81914E9D20BF54FA00EB5120 /* Assets.xcassets in Resources */ = {isa = PBXBuildFile; fileRef = 81914E9C20BF54FA00EB5120 /* Assets.xcassets */; };
		81914EA020BF54FA00EB5120 /* LaunchScreen.storyboard in Resources */ = {isa = PBXBuildFile; fileRef = 81914E9E20BF54FA00EB5120 /* LaunchScreen.storyboard */; };
		81914EAB20BF54FB00EB5120 /* InstrumentallyTests.swift in Sources */ = {isa = PBXBuildFile; fileRef = 81914EAA20BF54FB00EB5120 /* InstrumentallyTests.swift */; };
/* End PBXBuildFile section */

/* Begin PBXContainerItemProxy section */
		81914EA720BF54FB00EB5120 /* PBXContainerItemProxy */ = {
			isa = PBXContainerItemProxy;
			containerPortal = 81914E8A20BF54F400EB5120 /* Project object */;
			proxyType = 1;
			remoteGlobalIDString = 81914E9120BF54F500EB5120;
			remoteInfo = Instrumentally;
		};
/* End PBXContainerItemProxy section */

/* Begin PBXFileReference section */
		8158647E20C1DC9800688FF6 /* InstrumentsView.swift */ = {isa = PBXFileReference; lastKnownFileType = sourcecode.swift; path = InstrumentsView.swift; sourceTree = "<group>"; };
		8158648020C1E59700688FF6 /* InstumentCollectionViewCell.swift */ = {isa = PBXFileReference; lastKnownFileType = sourcecode.swift; path = InstumentCollectionViewCell.swift; sourceTree = "<group>"; };
		81914E9220BF54F500EB5120 /* Instrumentally.app */ = {isa = PBXFileReference; explicitFileType = wrapper.application; includeInIndex = 0; path = Instrumentally.app; sourceTree = BUILT_PRODUCTS_DIR; };
		81914E9520BF54F500EB5120 /* AppDelegate.swift */ = {isa = PBXFileReference; lastKnownFileType = sourcecode.swift; path = AppDelegate.swift; sourceTree = "<group>"; };
		81914E9720BF54F500EB5120 /* ViewController.swift */ = {isa = PBXFileReference; lastKnownFileType = sourcecode.swift; path = ViewController.swift; sourceTree = "<group>"; };
		81914E9C20BF54FA00EB5120 /* Assets.xcassets */ = {isa = PBXFileReference; lastKnownFileType = folder.assetcatalog; path = Assets.xcassets; sourceTree = "<group>"; };
		81914E9F20BF54FA00EB5120 /* Base */ = {isa = PBXFileReference; lastKnownFileType = file.storyboard; name = Base; path = Base.lproj/LaunchScreen.storyboard; sourceTree = "<group>"; };
		81914EA120BF54FA00EB5120 /* Info.plist */ = {isa = PBXFileReference; lastKnownFileType = text.plist.xml; path = Info.plist; sourceTree = "<group>"; };
		81914EA620BF54FB00EB5120 /* InstrumentallyTests.xctest */ = {isa = PBXFileReference; explicitFileType = wrapper.cfbundle; includeInIndex = 0; path = InstrumentallyTests.xctest; sourceTree = BUILT_PRODUCTS_DIR; };
		81914EAA20BF54FB00EB5120 /* InstrumentallyTests.swift */ = {isa = PBXFileReference; lastKnownFileType = sourcecode.swift; path = InstrumentallyTests.swift; sourceTree = "<group>"; };
		81914EAC20BF54FB00EB5120 /* Info.plist */ = {isa = PBXFileReference; lastKnownFileType = text.plist.xml; path = Info.plist; sourceTree = "<group>"; };
/* End PBXFileReference section */

/* Begin PBXFrameworksBuildPhase section */
		81914E8F20BF54F500EB5120 /* Frameworks */ = {
			isa = PBXFrameworksBuildPhase;
			buildActionMask = 2147483647;
			files = (
			);
			runOnlyForDeploymentPostprocessing = 0;
		};
		81914EA320BF54FB00EB5120 /* Frameworks */ = {
			isa = PBXFrameworksBuildPhase;
			buildActionMask = 2147483647;
			files = (
			);
			runOnlyForDeploymentPostprocessing = 0;
		};
/* End PBXFrameworksBuildPhase section */

/* Begin PBXGroup section */
		81914E8920BF54F400EB5120 = {
			isa = PBXGroup;
			children = (
				81914E9420BF54F500EB5120 /* Instrumentally */,
				81914EA920BF54FB00EB5120 /* InstrumentallyTests */,
				81914E9320BF54F500EB5120 /* Products */,
			);
			sourceTree = "<group>";
		};
		81914E9320BF54F500EB5120 /* Products */ = {
			isa = PBXGroup;
			children = (
				81914E9220BF54F500EB5120 /* Instrumentally.app */,
				81914EA620BF54FB00EB5120 /* InstrumentallyTests.xctest */,
			);
			name = Products;
			sourceTree = "<group>";
		};
		81914E9420BF54F500EB5120 /* Instrumentally */ = {
			isa = PBXGroup;
			children = (
				81914E9520BF54F500EB5120 /* AppDelegate.swift */,
				8158647E20C1DC9800688FF6 /* InstrumentsView.swift */,
				81914E9720BF54F500EB5120 /* ViewController.swift */,
				8158648020C1E59700688FF6 /* InstumentCollectionViewCell.swift */,
				81914E9C20BF54FA00EB5120 /* Assets.xcassets */,
				81914E9E20BF54FA00EB5120 /* LaunchScreen.storyboard */,
				81914EA120BF54FA00EB5120 /* Info.plist */,
			);
			path = Instrumentally;
			sourceTree = "<group>";
		};
		81914EA920BF54FB00EB5120 /* InstrumentallyTests */ = {
			isa = PBXGroup;
			children = (
				81914EAA20BF54FB00EB5120 /* InstrumentallyTests.swift */,
				81914EAC20BF54FB00EB5120 /* Info.plist */,
			);
			path = InstrumentallyTests;
			sourceTree = "<group>";
		};
/* End PBXGroup section */

/* Begin PBXNativeTarget section */
		81914E9120BF54F500EB5120 /* Instrumentally */ = {
			isa = PBXNativeTarget;
			buildConfigurationList = 81914EAF20BF54FB00EB5120 /* Build configuration list for PBXNativeTarget "Instrumentally" */;
			buildPhases = (
				81914E8E20BF54F500EB5120 /* Sources */,
				81914E8F20BF54F500EB5120 /* Frameworks */,
				81914E9020BF54F500EB5120 /* Resources */,
			);
			buildRules = (
			);
			dependencies = (
			);
			name = Instrumentally;
			productName = Instrumentally;
			productReference = 81914E9220BF54F500EB5120 /* Instrumentally.app */;
			productType = "com.apple.product-type.application";
		};
		81914EA520BF54FB00EB5120 /* InstrumentallyTests */ = {
			isa = PBXNativeTarget;
			buildConfigurationList = 81914EB220BF54FB00EB5120 /* Build configuration list for PBXNativeTarget "InstrumentallyTests" */;
			buildPhases = (
				81914EA220BF54FB00EB5120 /* Sources */,
				81914EA320BF54FB00EB5120 /* Frameworks */,
				81914EA420BF54FB00EB5120 /* Resources */,
			);
			buildRules = (
			);
			dependencies = (
				81914EA820BF54FB00EB5120 /* PBXTargetDependency */,
			);
			name = InstrumentallyTests;
			productName = InstrumentallyTests;
			productReference = 81914EA620BF54FB00EB5120 /* InstrumentallyTests.xctest */;
			productType = "com.apple.product-type.bundle.unit-test";
		};
/* End PBXNativeTarget section */

/* Begin PBXProject section */
		81914E8A20BF54F400EB5120 /* Project object */ = {
			isa = PBXProject;
			attributes = {
				LastSwiftUpdateCheck = 0930;
				LastUpgradeCheck = 0930;
				ORGANIZATIONNAME = ccruz;
				TargetAttributes = {
					81914E9120BF54F500EB5120 = {
						CreatedOnToolsVersion = 9.3;
					};
					81914EA520BF54FB00EB5120 = {
						CreatedOnToolsVersion = 9.3;
						TestTargetID = 81914E9120BF54F500EB5120;
					};
				};
			};
			buildConfigurationList = 81914E8D20BF54F400EB5120 /* Build configuration list for PBXProject "Instrumentally" */;
			compatibilityVersion = "Xcode 9.3";
			developmentRegion = en;
			hasScannedForEncodings = 0;
			knownRegions = (
				en,
				Base,
			);
			mainGroup = 81914E8920BF54F400EB5120;
			productRefGroup = 81914E9320BF54F500EB5120 /* Products */;
			projectDirPath = "";
			projectRoot = "";
			targets = (
				81914E9120BF54F500EB5120 /* Instrumentally */,
				81914EA520BF54FB00EB5120 /* InstrumentallyTests */,
			);
		};
/* End PBXProject section */

/* Begin PBXResourcesBuildPhase section */
		81914E9020BF54F500EB5120 /* Resources */ = {
			isa = PBXResourcesBuildPhase;
			buildActionMask = 2147483647;
			files = (
				81914EA020BF54FA00EB5120 /* LaunchScreen.storyboard in Resources */,
				81914E9D20BF54FA00EB5120 /* Assets.xcassets in Resources */,
			);
			runOnlyForDeploymentPostprocessing = 0;
		};
		81914EA420BF54FB00EB5120 /* Resources */ = {
			isa = PBXResourcesBuildPhase;
			buildActionMask = 2147483647;
			files = (
			);
			runOnlyForDeploymentPostprocessing = 0;
		};
/* End PBXResourcesBuildPhase section */

/* Begin PBXSourcesBuildPhase section */
		81914E8E20BF54F500EB5120 /* Sources */ = {
			isa = PBXSourcesBuildPhase;
			buildActionMask = 2147483647;
			files = (
				81914E9820BF54F500EB5120 /* ViewController.swift in Sources */,
				8158647F20C1DC9800688FF6 /* InstrumentsView.swift in Sources */,
				8158648120C1E59700688FF6 /* InstumentCollectionViewCell.swift in Sources */,
				81914E9620BF54F500EB5120 /* AppDelegate.swift in Sources */,
			);
			runOnlyForDeploymentPostprocessing = 0;
		};
		81914EA220BF54FB00EB5120 /* Sources */ = {
			isa = PBXSourcesBuildPhase;
			buildActionMask = 2147483647;
			files = (
				81914EAB20BF54FB00EB5120 /* InstrumentallyTests.swift in Sources */,
			);
			runOnlyForDeploymentPostprocessing = 0;
		};
/* End PBXSourcesBuildPhase section */

/* Begin PBXTargetDependency section */
		81914EA820BF54FB00EB5120 /* PBXTargetDependency */ = {
			isa = PBXTargetDependency;
			target = 81914E9120BF54F500EB5120 /* Instrumentally */;
			targetProxy = 81914EA720BF54FB00EB5120 /* PBXContainerItemProxy */;
		};
/* End PBXTargetDependency section */

/* Begin PBXVariantGroup section */
		81914E9E20BF54FA00EB5120 /* LaunchScreen.storyboard */ = {
			isa = PBXVariantGroup;
			children = (
				81914E9F20BF54FA00EB5120 /* Base */,
			);
			name = LaunchScreen.storyboard;
			sourceTree = "<group>";
		};
/* End PBXVariantGroup section */

/* Begin XCBuildConfiguration section */
		81914EAD20BF54FB00EB5120 /* Debug */ = {
			isa = XCBuildConfiguration;
			buildSettings = {
				ALWAYS_SEARCH_USER_PATHS = NO;
				CLANG_ANALYZER_NONNULL = YES;
				CLANG_ANALYZER_NUMBER_OBJECT_CONVERSION = YES_AGGRESSIVE;
				CLANG_CXX_LANGUAGE_STANDARD = "gnu++14";
				CLANG_CXX_LIBRARY = "libc++";
				CLANG_ENABLE_MODULES = YES;
				CLANG_ENABLE_OBJC_ARC = YES;
				CLANG_ENABLE_OBJC_WEAK = YES;
				CLANG_WARN_BLOCK_CAPTURE_AUTORELEASING = YES;
				CLANG_WARN_BOOL_CONVERSION = YES;
				CLANG_WARN_COMMA = YES;
				CLANG_WARN_CONSTANT_CONVERSION = YES;
				CLANG_WARN_DEPRECATED_OBJC_IMPLEMENTATIONS = YES;
				CLANG_WARN_DIRECT_OBJC_ISA_USAGE = YES_ERROR;
				CLANG_WARN_DOCUMENTATION_COMMENTS = YES;
				CLANG_WARN_EMPTY_BODY = YES;
				CLANG_WARN_ENUM_CONVERSION = YES;
				CLANG_WARN_INFINITE_RECURSION = YES;
				CLANG_WARN_INT_CONVERSION = YES;
				CLANG_WARN_NON_LITERAL_NULL_CONVERSION = YES;
				CLANG_WARN_OBJC_IMPLICIT_RETAIN_SELF = YES;
				CLANG_WARN_OBJC_LITERAL_CONVERSION = YES;
				CLANG_WARN_OBJC_ROOT_CLASS = YES_ERROR;
				CLANG_WARN_RANGE_LOOP_ANALYSIS = YES;
				CLANG_WARN_STRICT_PROTOTYPES = YES;
				CLANG_WARN_SUSPICIOUS_MOVE = YES;
				CLANG_WARN_UNGUARDED_AVAILABILITY = YES_AGGRESSIVE;
				CLANG_WARN_UNREACHABLE_CODE = YES;
				CLANG_WARN__DUPLICATE_METHOD_MATCH = YES;
				CODE_SIGN_IDENTITY = "iPhone Developer";
				COPY_PHASE_STRIP = NO;
				DEBUG_INFORMATION_FORMAT = dwarf;
				ENABLE_STRICT_OBJC_MSGSEND = YES;
				ENABLE_TESTABILITY = YES;
				GCC_C_LANGUAGE_STANDARD = gnu11;
				GCC_DYNAMIC_NO_PIC = NO;
				GCC_NO_COMMON_BLOCKS = YES;
				GCC_OPTIMIZATION_LEVEL = 0;
				GCC_PREPROCESSOR_DEFINITIONS = (
					"DEBUG=1",
					"$(inherited)",
				);
				GCC_WARN_64_TO_32_BIT_CONVERSION = YES;
				GCC_WARN_ABOUT_RETURN_TYPE = YES_ERROR;
				GCC_WARN_UNDECLARED_SELECTOR = YES;
				GCC_WARN_UNINITIALIZED_AUTOS = YES_AGGRESSIVE;
				GCC_WARN_UNUSED_FUNCTION = YES;
				GCC_WARN_UNUSED_VARIABLE = YES;
				IPHONEOS_DEPLOYMENT_TARGET = 11.3;
				MTL_ENABLE_DEBUG_INFO = YES;
				ONLY_ACTIVE_ARCH = YES;
				SDKROOT = iphoneos;
				SWIFT_ACTIVE_COMPILATION_CONDITIONS = DEBUG;
				SWIFT_OPTIMIZATION_LEVEL = "-Onone";
			};
			name = Debug;
		};
		81914EAE20BF54FB00EB5120 /* Release */ = {
			isa = XCBuildConfiguration;
			buildSettings = {
				ALWAYS_SEARCH_USER_PATHS = NO;
				CLANG_ANALYZER_NONNULL = YES;
				CLANG_ANALYZER_NUMBER_OBJECT_CONVERSION = YES_AGGRESSIVE;
				CLANG_CXX_LANGUAGE_STANDARD = "gnu++14";
				CLANG_CXX_LIBRARY = "libc++";
				CLANG_ENABLE_MODULES = YES;
				CLANG_ENABLE_OBJC_ARC = YES;
				CLANG_ENABLE_OBJC_WEAK = YES;
				CLANG_WARN_BLOCK_CAPTURE_AUTORELEASING = YES;
				CLANG_WARN_BOOL_CONVERSION = YES;
				CLANG_WARN_COMMA = YES;
				CLANG_WARN_CONSTANT_CONVERSION = YES;
				CLANG_WARN_DEPRECATED_OBJC_IMPLEMENTATIONS = YES;
				CLANG_WARN_DIRECT_OBJC_ISA_USAGE = YES_ERROR;
				CLANG_WARN_DOCUMENTATION_COMMENTS = YES;
				CLANG_WARN_EMPTY_BODY = YES;
				CLANG_WARN_ENUM_CONVERSION = YES;
				CLANG_WARN_INFINITE_RECURSION = YES;
				CLANG_WARN_INT_CONVERSION = YES;
				CLANG_WARN_NON_LITERAL_NULL_CONVERSION = YES;
				CLANG_WARN_OBJC_IMPLICIT_RETAIN_SELF = YES;
				CLANG_WARN_OBJC_LITERAL_CONVERSION = YES;
				CLANG_WARN_OBJC_ROOT_CLASS = YES_ERROR;
				CLANG_WARN_RANGE_LOOP_ANALYSIS = YES;
				CLANG_WARN_STRICT_PROTOTYPES = YES;
				CLANG_WARN_SUSPICIOUS_MOVE = YES;
				CLANG_WARN_UNGUARDED_AVAILABILITY = YES_AGGRESSIVE;
				CLANG_WARN_UNREACHABLE_CODE = YES;
				CLANG_WARN__DUPLICATE_METHOD_MATCH = YES;
				CODE_SIGN_IDENTITY = "iPhone Developer";
				COPY_PHASE_STRIP = NO;
				DEBUG_INFORMATION_FORMAT = "dwarf-with-dsym";
				ENABLE_NS_ASSERTIONS = NO;
				ENABLE_STRICT_OBJC_MSGSEND = YES;
				GCC_C_LANGUAGE_STANDARD = gnu11;
				GCC_NO_COMMON_BLOCKS = YES;
				GCC_WARN_64_TO_32_BIT_CONVERSION = YES;
				GCC_WARN_ABOUT_RETURN_TYPE = YES_ERROR;
				GCC_WARN_UNDECLARED_SELECTOR = YES;
				GCC_WARN_UNINITIALIZED_AUTOS = YES_AGGRESSIVE;
				GCC_WARN_UNUSED_FUNCTION = YES;
				GCC_WARN_UNUSED_VARIABLE = YES;
				IPHONEOS_DEPLOYMENT_TARGET = 11.3;
				MTL_ENABLE_DEBUG_INFO = NO;
				SDKROOT = iphoneos;
				SWIFT_COMPILATION_MODE = wholemodule;
				SWIFT_OPTIMIZATION_LEVEL = "-O";
				VALIDATE_PRODUCT = YES;
			};
			name = Release;
		};
		81914EB020BF54FB00EB5120 /* Debug */ = {
			isa = XCBuildConfiguration;
			buildSettings = {
				ASSETCATALOG_COMPILER_APPICON_NAME = AppIcon;
				CODE_SIGN_STYLE = Automatic;
				DEVELOPMENT_TEAM = GFTDT2D84K;
				INFOPLIST_FILE = Instrumentally/Info.plist;
				LD_RUNPATH_SEARCH_PATHS = (
					"$(inherited)",
					"@executable_path/Frameworks",
				);
				PRODUCT_BUNDLE_IDENTIFIER = ccruz.Instrumentally;
				PRODUCT_NAME = "$(TARGET_NAME)";
				SWIFT_VERSION = 4.0;
				TARGETED_DEVICE_FAMILY = "1,2";
			};
			name = Debug;
		};
		81914EB120BF54FB00EB5120 /* Release */ = {
			isa = XCBuildConfiguration;
			buildSettings = {
				ASSETCATALOG_COMPILER_APPICON_NAME = AppIcon;
				CODE_SIGN_STYLE = Automatic;
				DEVELOPMENT_TEAM = GFTDT2D84K;
				INFOPLIST_FILE = Instrumentally/Info.plist;
				LD_RUNPATH_SEARCH_PATHS = (
					"$(inherited)",
					"@executable_path/Frameworks",
				);
				PRODUCT_BUNDLE_IDENTIFIER = ccruz.Instrumentally;
				PRODUCT_NAME = "$(TARGET_NAME)";
				SWIFT_VERSION = 4.0;
				TARGETED_DEVICE_FAMILY = "1,2";
			};
			name = Release;
		};
		81914EB320BF54FB00EB5120 /* Debug */ = {
			isa = XCBuildConfiguration;
			buildSettings = {
				ALWAYS_EMBED_SWIFT_STANDARD_LIBRARIES = YES;
				BUNDLE_LOADER = "$(TEST_HOST)";
				CODE_SIGN_STYLE = Automatic;
				DEVELOPMENT_TEAM = GFTDT2D84K;
				INFOPLIST_FILE = InstrumentallyTests/Info.plist;
				LD_RUNPATH_SEARCH_PATHS = (
					"$(inherited)",
					"@executable_path/Frameworks",
					"@loader_path/Frameworks",
				);
				PRODUCT_BUNDLE_IDENTIFIER = ccruz.InstrumentallyTests;
				PRODUCT_NAME = "$(TARGET_NAME)";
				SWIFT_VERSION = 4.0;
				TARGETED_DEVICE_FAMILY = "1,2";
				TEST_HOST = "$(BUILT_PRODUCTS_DIR)/Instrumentally.app/Instrumentally";
			};
			name = Debug;
		};
		81914EB420BF54FB00EB5120 /* Release */ = {
			isa = XCBuildConfiguration;
			buildSettings = {
				ALWAYS_EMBED_SWIFT_STANDARD_LIBRARIES = YES;
				BUNDLE_LOADER = "$(TEST_HOST)";
				CODE_SIGN_STYLE = Automatic;
				DEVELOPMENT_TEAM = GFTDT2D84K;
				INFOPLIST_FILE = InstrumentallyTests/Info.plist;
				LD_RUNPATH_SEARCH_PATHS = (
					"$(inherited)",
					"@executable_path/Frameworks",
					"@loader_path/Frameworks",
				);
				PRODUCT_BUNDLE_IDENTIFIER = ccruz.InstrumentallyTests;
				PRODUCT_NAME = "$(TARGET_NAME)";
				SWIFT_VERSION = 4.0;
				TARGETED_DEVICE_FAMILY = "1,2";
				TEST_HOST = "$(BUILT_PRODUCTS_DIR)/Instrumentally.app/Instrumentally";
			};
			name = Release;
		};
/* End XCBuildConfiguration section */

/* Begin XCConfigurationList section */
		81914E8D20BF54F400EB5120 /* Build configuration list for PBXProject "Instrumentally" */ = {
			isa = XCConfigurationList;
			buildConfigurations = (
				81914EAD20BF54FB00EB5120 /* Debug */,
				81914EAE20BF54FB00EB5120 /* Release */,
			);
			defaultConfigurationIsVisible = 0;
			defaultConfigurationName = Release;
		};
		81914EAF20BF54FB00EB5120 /* Build configuration list for PBXNativeTarget "Instrumentally" */ = {
			isa = XCConfigurationList;
			buildConfigurations = (
				81914EB020BF54FB00EB5120 /* Debug */,
				81914EB120BF54FB00EB5120 /* Release */,
			);
			defaultConfigurationIsVisible = 0;
			defaultConfigurationName = Release;
		};
		81914EB220BF54FB00EB5120 /* Build configuration list for PBXNativeTarget "InstrumentallyTests" */ = {
			isa = XCConfigurationList;
			buildConfigurations = (
				81914EB320BF54FB00EB5120 /* Debug */,
				81914EB420BF54FB00EB5120 /* Release */,
			);
			defaultConfigurationIsVisible = 0;
			defaultConfigurationName = Release;
		};
/* End XCConfigurationList section */
	};
	rootObject = 81914E8A20BF54F400EB5120 /* Project object */;
}
